// !$*UTF8*$!
{
	archiveVersion = 1;
	classes = {
	};
	objectVersion = 50;
	objects = {

/* Begin PBXBuildFile section */
		3D6F66369828C2657506458A /* Pods_World_News.framework in Frameworks */ = {isa = PBXBuildFile; fileRef = 177B9C6D565BE821EA8DD83E /* Pods_World_News.framework */; };
		3E00FEBA2451145F0011B3F1 /* articleTableViewCell.swift in Sources */ = {isa = PBXBuildFile; fileRef = 3E00FEB82451145F0011B3F1 /* articleTableViewCell.swift */; };
		3E00FEBB2451145F0011B3F1 /* articleTableViewCell.xib in Resources */ = {isa = PBXBuildFile; fileRef = 3E00FEB92451145F0011B3F1 /* articleTableViewCell.xib */; };
		3E00FEBD245148BF0011B3F1 /* MenuTableVC.swift in Sources */ = {isa = PBXBuildFile; fileRef = 3E00FEBC245148BF0011B3F1 /* MenuTableVC.swift */; };
		3E26FECE245266FF00C3570E /* MainCategories.swift in Sources */ = {isa = PBXBuildFile; fileRef = 3E26FECD245266FF00C3570E /* MainCategories.swift */; };
		3E44ECB224524EA200C938FB /* categoriesNewsTableViewCell.swift in Sources */ = {isa = PBXBuildFile; fileRef = 3E44ECB024524EA200C938FB /* categoriesNewsTableViewCell.swift */; };
		3E44ECB324524EA200C938FB /* categoriesNewsTableViewCell.xib in Resources */ = {isa = PBXBuildFile; fileRef = 3E44ECB124524EA200C938FB /* categoriesNewsTableViewCell.xib */; };
		3EA442E4245208840087F04A /* CategoriesNewsVC.swift in Sources */ = {isa = PBXBuildFile; fileRef = 3EA442E3245208840087F04A /* CategoriesNewsVC.swift */; };
		3EFE2B562450CB7800D602E4 /* AppDelegate.swift in Sources */ = {isa = PBXBuildFile; fileRef = 3EFE2B552450CB7800D602E4 /* AppDelegate.swift */; };
		3EFE2B582450CB7900D602E4 /* SelectedCountryVC.swift in Sources */ = {isa = PBXBuildFile; fileRef = 3EFE2B572450CB7900D602E4 /* SelectedCountryVC.swift */; };
		3EFE2B5B2450CB7A00D602E4 /* Main.storyboard in Resources */ = {isa = PBXBuildFile; fileRef = 3EFE2B592450CB7A00D602E4 /* Main.storyboard */; };
		3EFE2B5D2450CBF200D602E4 /* Assets.xcassets in Resources */ = {isa = PBXBuildFile; fileRef = 3EFE2B5C2450CBF200D602E4 /* Assets.xcassets */; };
		3EFE2B602450CBF200D602E4 /* LaunchScreen.storyboard in Resources */ = {isa = PBXBuildFile; fileRef = 3EFE2B5E2450CBF200D602E4 /* LaunchScreen.storyboard */; };
		3EFE2B682450F5B300D602E4 /* NewsVC.swift in Sources */ = {isa = PBXBuildFile; fileRef = 3EFE2B672450F5B300D602E4 /* NewsVC.swift */; };
/* End PBXBuildFile section */

/* Begin PBXFileReference section */
		177B9C6D565BE821EA8DD83E /* Pods_World_News.framework */ = {isa = PBXFileReference; explicitFileType = wrapper.framework; includeInIndex = 0; path = Pods_World_News.framework; sourceTree = BUILT_PRODUCTS_DIR; };
		3E00FEB82451145F0011B3F1 /* articleTableViewCell.swift */ = {isa = PBXFileReference; lastKnownFileType = sourcecode.swift; path = articleTableViewCell.swift; sourceTree = "<group>"; };
		3E00FEB92451145F0011B3F1 /* articleTableViewCell.xib */ = {isa = PBXFileReference; lastKnownFileType = file.xib; path = articleTableViewCell.xib; sourceTree = "<group>"; };
		3E00FEBC245148BF0011B3F1 /* MenuTableVC.swift */ = {isa = PBXFileReference; lastKnownFileType = sourcecode.swift; path = MenuTableVC.swift; sourceTree = "<group>"; };
		3E26FECD245266FF00C3570E /* MainCategories.swift */ = {isa = PBXFileReference; lastKnownFileType = sourcecode.swift; path = MainCategories.swift; sourceTree = "<group>"; };
		3E44ECB024524EA200C938FB /* categoriesNewsTableViewCell.swift */ = {isa = PBXFileReference; lastKnownFileType = sourcecode.swift; path = categoriesNewsTableViewCell.swift; sourceTree = "<group>"; };
		3E44ECB124524EA200C938FB /* categoriesNewsTableViewCell.xib */ = {isa = PBXFileReference; lastKnownFileType = file.xib; path = categoriesNewsTableViewCell.xib; sourceTree = "<group>"; };
		3EA442E3245208840087F04A /* CategoriesNewsVC.swift */ = {isa = PBXFileReference; lastKnownFileType = sourcecode.swift; path = CategoriesNewsVC.swift; sourceTree = "<group>"; };
		3EFE2B522450CB7600D602E4 /* World News.app */ = {isa = PBXFileReference; explicitFileType = wrapper.application; includeInIndex = 0; path = "World News.app"; sourceTree = BUILT_PRODUCTS_DIR; };
		3EFE2B552450CB7800D602E4 /* AppDelegate.swift */ = {isa = PBXFileReference; lastKnownFileType = sourcecode.swift; path = AppDelegate.swift; sourceTree = "<group>"; };
		3EFE2B572450CB7900D602E4 /* SelectedCountryVC.swift */ = {isa = PBXFileReference; lastKnownFileType = sourcecode.swift; path = SelectedCountryVC.swift; sourceTree = "<group>"; };
		3EFE2B5A2450CB7A00D602E4 /* Base */ = {isa = PBXFileReference; lastKnownFileType = file.storyboard; name = Base; path = Base.lproj/Main.storyboard; sourceTree = "<group>"; };
		3EFE2B5C2450CBF200D602E4 /* Assets.xcassets */ = {isa = PBXFileReference; lastKnownFileType = folder.assetcatalog; path = Assets.xcassets; sourceTree = "<group>"; };
		3EFE2B5F2450CBF200D602E4 /* Base */ = {isa = PBXFileReference; lastKnownFileType = file.storyboard; name = Base; path = Base.lproj/LaunchScreen.storyboard; sourceTree = "<group>"; };
		3EFE2B612450CBF200D602E4 /* Info.plist */ = {isa = PBXFileReference; lastKnownFileType = text.plist.xml; path = Info.plist; sourceTree = "<group>"; };
		3EFE2B672450F5B300D602E4 /* NewsVC.swift */ = {isa = PBXFileReference; lastKnownFileType = sourcecode.swift; path = NewsVC.swift; sourceTree = "<group>"; };
		B4B1003925307EEBBE0B5617 /* Pods-World News.debug.xcconfig */ = {isa = PBXFileReference; includeInIndex = 1; lastKnownFileType = text.xcconfig; name = "Pods-World News.debug.xcconfig"; path = "Target Support Files/Pods-World News/Pods-World News.debug.xcconfig"; sourceTree = "<group>"; };
		B8DA91C11CF4A832FD0C143F /* Pods-World News.release.xcconfig */ = {isa = PBXFileReference; includeInIndex = 1; lastKnownFileType = text.xcconfig; name = "Pods-World News.release.xcconfig"; path = "Target Support Files/Pods-World News/Pods-World News.release.xcconfig"; sourceTree = "<group>"; };
/* End PBXFileReference section */

/* Begin PBXFrameworksBuildPhase section */
		3EFE2B4F2450CB7500D602E4 /* Frameworks */ = {
			isa = PBXFrameworksBuildPhase;
			buildActionMask = 2147483647;
			files = (
				3D6F66369828C2657506458A /* Pods_World_News.framework in Frameworks */,
			);
			runOnlyForDeploymentPostprocessing = 0;
		};
/* End PBXFrameworksBuildPhase section */

/* Begin PBXGroup section */
		195285D6585CDE1BC5169102 /* Frameworks */ = {
			isa = PBXGroup;
			children = (
				177B9C6D565BE821EA8DD83E /* Pods_World_News.framework */,
			);
			name = Frameworks;
			sourceTree = "<group>";
		};
		3E00FEB3245102860011B3F1 /* Cells */ = {
			isa = PBXGroup;
			children = (
				3E00FEB82451145F0011B3F1 /* articleTableViewCell.swift */,
				3E00FEB92451145F0011B3F1 /* articleTableViewCell.xib */,
				3E44ECB024524EA200C938FB /* categoriesNewsTableViewCell.swift */,
				3E44ECB124524EA200C938FB /* categoriesNewsTableViewCell.xib */,
			);
			path = Cells;
			sourceTree = "<group>";
		};
		3EFE2B492450CB7400D602E4 = {
			isa = PBXGroup;
			children = (
				3EFE2B542450CB7600D602E4 /* World News */,
				3EFE2B532450CB7600D602E4 /* Products */,
				4DAD499039189971EFE5D474 /* Pods */,
				195285D6585CDE1BC5169102 /* Frameworks */,
			);
			sourceTree = "<group>";
		};
		3EFE2B532450CB7600D602E4 /* Products */ = {
			isa = PBXGroup;
			children = (
				3EFE2B522450CB7600D602E4 /* World News.app */,
			);
			name = Products;
			sourceTree = "<group>";
		};
		3EFE2B542450CB7600D602E4 /* World News */ = {
			isa = PBXGroup;
			children = (
				3E00FEB3245102860011B3F1 /* Cells */,
				3EFE2B6A2450F6DB00D602E4 /* Model */,
				3EFE2B692450F5CC00D602E4 /* VC */,
				3EFE2B552450CB7800D602E4 /* AppDelegate.swift */,
				3EFE2B592450CB7A00D602E4 /* Main.storyboard */,
				3EFE2B5C2450CBF200D602E4 /* Assets.xcassets */,
				3EFE2B5E2450CBF200D602E4 /* LaunchScreen.storyboard */,
				3EFE2B612450CBF200D602E4 /* Info.plist */,
			);
			path = "World News";
			sourceTree = "<group>";
		};
		3EFE2B692450F5CC00D602E4 /* VC */ = {
			isa = PBXGroup;
			children = (
				3EFE2B572450CB7900D602E4 /* SelectedCountryVC.swift */,
				3EFE2B672450F5B300D602E4 /* NewsVC.swift */,
				3E00FEBC245148BF0011B3F1 /* MenuTableVC.swift */,
				3EA442E3245208840087F04A /* CategoriesNewsVC.swift */,
			);
			path = VC;
			sourceTree = "<group>";
		};
		3EFE2B6A2450F6DB00D602E4 /* Model */ = {
			isa = PBXGroup;
			children = (
				3E26FECD245266FF00C3570E /* MainCategories.swift */,
			);
			path = Model;
			sourceTree = "<group>";
		};
		4DAD499039189971EFE5D474 /* Pods */ = {
			isa = PBXGroup;
			children = (
				B4B1003925307EEBBE0B5617 /* Pods-World News.debug.xcconfig */,
				B8DA91C11CF4A832FD0C143F /* Pods-World News.release.xcconfig */,
			);
			path = Pods;
			sourceTree = "<group>";
		};
/* End PBXGroup section */

/* Begin PBXNativeTarget section */
		3EFE2B512450CB7500D602E4 /* World News */ = {
			isa = PBXNativeTarget;
			buildConfigurationList = 3EFE2B642450CBF200D602E4 /* Build configuration list for PBXNativeTarget "World News" */;
			buildPhases = (
				0A18A8CA23FD8DEA7003FD57 /* [CP] Check Pods Manifest.lock */,
				3EFE2B4E2450CB7500D602E4 /* Sources */,
				3EFE2B4F2450CB7500D602E4 /* Frameworks */,
				3EFE2B502450CB7500D602E4 /* Resources */,
				B29CF0A4EB3A60C1B7667511 /* [CP] Embed Pods Frameworks */,
			);
			buildRules = (
			);
			dependencies = (
			);
			name = "World News";
			productName = "World News";
			productReference = 3EFE2B522450CB7600D602E4 /* World News.app */;
			productType = "com.apple.product-type.application";
		};
/* End PBXNativeTarget section */

/* Begin PBXProject section */
		3EFE2B4A2450CB7400D602E4 /* Project object */ = {
			isa = PBXProject;
			attributes = {
				LastSwiftUpdateCheck = 0940;
				LastUpgradeCheck = 0940;
				ORGANIZATIONNAME = "Alaa Adel";
				TargetAttributes = {
					3EFE2B512450CB7500D602E4 = {
						CreatedOnToolsVersion = 9.4.1;
					};
				};
			};
			buildConfigurationList = 3EFE2B4D2450CB7400D602E4 /* Build configuration list for PBXProject "World News" */;
			compatibilityVersion = "Xcode 9.3";
			developmentRegion = en;
			hasScannedForEncodings = 0;
			knownRegions = (
				en,
				Base,
			);
			mainGroup = 3EFE2B492450CB7400D602E4;
			productRefGroup = 3EFE2B532450CB7600D602E4 /* Products */;
			projectDirPath = "";
			projectRoot = "";
			targets = (
				3EFE2B512450CB7500D602E4 /* World News */,
			);
		};
/* End PBXProject section */

/* Begin PBXResourcesBuildPhase section */
		3EFE2B502450CB7500D602E4 /* Resources */ = {
			isa = PBXResourcesBuildPhase;
			buildActionMask = 2147483647;
			files = (
				3E00FEBB2451145F0011B3F1 /* articleTableViewCell.xib in Resources */,
				3EFE2B602450CBF200D602E4 /* LaunchScreen.storyboard in Resources */,
				3EFE2B5D2450CBF200D602E4 /* Assets.xcassets in Resources */,
				3E44ECB324524EA200C938FB /* categoriesNewsTableViewCell.xib in Resources */,
				3EFE2B5B2450CB7A00D602E4 /* Main.storyboard in Resources */,
			);
			runOnlyForDeploymentPostprocessing = 0;
		};
/* End PBXResourcesBuildPhase section */

/* Begin PBXShellScriptBuildPhase section */
		0A18A8CA23FD8DEA7003FD57 /* [CP] Check Pods Manifest.lock */ = {
			isa = PBXShellScriptBuildPhase;
			buildActionMask = 2147483647;
			files = (
			);
			inputPaths = (
				"${PODS_PODFILE_DIR_PATH}/Podfile.lock",
				"${PODS_ROOT}/Manifest.lock",
			);
			name = "[CP] Check Pods Manifest.lock";
			outputPaths = (
				"$(DERIVED_FILE_DIR)/Pods-World News-checkManifestLockResult.txt",
			);
			runOnlyForDeploymentPostprocessing = 0;
			shellPath = /bin/sh;
			shellScript = "diff \"${PODS_PODFILE_DIR_PATH}/Podfile.lock\" \"${PODS_ROOT}/Manifest.lock\" > /dev/null\nif [ $? != 0 ] ; then\n    # print error to STDERR\n    echo \"error: The sandbox is not in sync with the Podfile.lock. Run 'pod install' or update your CocoaPods installation.\" >&2\n    exit 1\nfi\n# This output is used by Xcode 'outputs' to avoid re-running this script phase.\necho \"SUCCESS\" > \"${SCRIPT_OUTPUT_FILE_0}\"\n";
			showEnvVarsInLog = 0;
		};
		B29CF0A4EB3A60C1B7667511 /* [CP] Embed Pods Frameworks */ = {
			isa = PBXShellScriptBuildPhase;
			buildActionMask = 2147483647;
			files = (
			);
			name = "[CP] Embed Pods Frameworks";
			runOnlyForDeploymentPostprocessing = 0;
			shellPath = /bin/sh;
			shellScript = "\"${PODS_ROOT}/Target Support Files/Pods-World News/Pods-World News-frameworks.sh\"\n";
			showEnvVarsInLog = 0;
		};
/* End PBXShellScriptBuildPhase section */

/* Begin PBXSourcesBuildPhase section */
		3EFE2B4E2450CB7500D602E4 /* Sources */ = {
			isa = PBXSourcesBuildPhase;
			buildActionMask = 2147483647;
			files = (
				3E00FEBA2451145F0011B3F1 /* articleTableViewCell.swift in Sources */,
				3EFE2B582450CB7900D602E4 /* SelectedCountryVC.swift in Sources */,
				3EFE2B562450CB7800D602E4 /* AppDelegate.swift in Sources */,
				3E44ECB224524EA200C938FB /* categoriesNewsTableViewCell.swift in Sources */,
				3EA442E4245208840087F04A /* CategoriesNewsVC.swift in Sources */,
				3E26FECE245266FF00C3570E /* MainCategories.swift in Sources */,
				3E00FEBD245148BF0011B3F1 /* MenuTableVC.swift in Sources */,
				3EFE2B682450F5B300D602E4 /* NewsVC.swift in Sources */,
			);
			runOnlyForDeploymentPostprocessing = 0;
		};
/* End PBXSourcesBuildPhase section */

/* Begin PBXVariantGroup section */
		3EFE2B592450CB7A00D602E4 /* Main.storyboard */ = {
			isa = PBXVariantGroup;
			children = (
				3EFE2B5A2450CB7A00D602E4 /* Base */,
			);
			name = Main.storyboard;
			sourceTree = "<group>";
		};
		3EFE2B5E2450CBF200D602E4 /* LaunchScreen.storyboard */ = {
			isa = PBXVariantGroup;
			children = (
				3EFE2B5F2450CBF200D602E4 /* Base */,
			);
			name = LaunchScreen.storyboard;
			sourceTree = "<group>";
		};
/* End PBXVariantGroup section */

/* Begin XCBuildConfiguration section */
		3EFE2B622450CBF200D602E4 /* Debug */ = {
			isa = XCBuildConfiguration;
			buildSettings = {
				ALWAYS_SEARCH_USER_PATHS = NO;
				CLANG_ANALYZER_NONNULL = YES;
				CLANG_ANALYZER_NUMBER_OBJECT_CONVERSION = YES_AGGRESSIVE;
				CLANG_CXX_LANGUAGE_STANDARD = "gnu++14";
				CLANG_CXX_LIBRARY = "libc++";
				CLANG_ENABLE_MODULES = YES;
				CLANG_ENABLE_OBJC_ARC = YES;
				CLANG_ENABLE_OBJC_WEAK = YES;
				CLANG_WARN_BLOCK_CAPTURE_AUTORELEASING = YES;
				CLANG_WARN_BOOL_CONVERSION = YES;
				CLANG_WARN_COMMA = YES;
				CLANG_WARN_CONSTANT_CONVERSION = YES;
				CLANG_WARN_DEPRECATED_OBJC_IMPLEMENTATIONS = YES;
				CLANG_WARN_DIRECT_OBJC_ISA_USAGE = YES_ERROR;
				CLANG_WARN_DOCUMENTATION_COMMENTS = YES;
				CLANG_WARN_EMPTY_BODY = YES;
				CLANG_WARN_ENUM_CONVERSION = YES;
				CLANG_WARN_INFINITE_RECURSION = YES;
				CLANG_WARN_INT_CONVERSION = YES;
				CLANG_WARN_NON_LITERAL_NULL_CONVERSION = YES;
				CLANG_WARN_OBJC_IMPLICIT_RETAIN_SELF = YES;
				CLANG_WARN_OBJC_LITERAL_CONVERSION = YES;
				CLANG_WARN_OBJC_ROOT_CLASS = YES_ERROR;
				CLANG_WARN_RANGE_LOOP_ANALYSIS = YES;
				CLANG_WARN_STRICT_PROTOTYPES = YES;
				CLANG_WARN_SUSPICIOUS_MOVE = YES;
				CLANG_WARN_UNGUARDED_AVAILABILITY = YES_AGGRESSIVE;
				CLANG_WARN_UNREACHABLE_CODE = YES;
				CLANG_WARN__DUPLICATE_METHOD_MATCH = YES;
				CODE_SIGN_IDENTITY = "iPhone Developer";
				COPY_PHASE_STRIP = NO;
				DEBUG_INFORMATION_FORMAT = dwarf;
				ENABLE_STRICT_OBJC_MSGSEND = YES;
				ENABLE_TESTABILITY = YES;
				GCC_C_LANGUAGE_STANDARD = gnu11;
				GCC_DYNAMIC_NO_PIC = NO;
				GCC_NO_COMMON_BLOCKS = YES;
				GCC_OPTIMIZATION_LEVEL = 0;
				GCC_PREPROCESSOR_DEFINITIONS = (
					"DEBUG=1",
					"$(inherited)",
				);
				GCC_WARN_64_TO_32_BIT_CONVERSION = YES;
				GCC_WARN_ABOUT_RETURN_TYPE = YES_ERROR;
				GCC_WARN_UNDECLARED_SELECTOR = YES;
				GCC_WARN_UNINITIALIZED_AUTOS = YES_AGGRESSIVE;
				GCC_WARN_UNUSED_FUNCTION = YES;
				GCC_WARN_UNUSED_VARIABLE = YES;
				IPHONEOS_DEPLOYMENT_TARGET = 11.4;
				MTL_ENABLE_DEBUG_INFO = YES;
				ONLY_ACTIVE_ARCH = YES;
				SDKROOT = iphoneos;
				SWIFT_ACTIVE_COMPILATION_CONDITIONS = DEBUG;
				SWIFT_OPTIMIZATION_LEVEL = "-Onone";
			};
			name = Debug;
		};
		3EFE2B632450CBF200D602E4 /* Release */ = {
			isa = XCBuildConfiguration;
			buildSettings = {
				ALWAYS_SEARCH_USER_PATHS = NO;
				CLANG_ANALYZER_NONNULL = YES;
				CLANG_ANALYZER_NUMBER_OBJECT_CONVERSION = YES_AGGRESSIVE;
				CLANG_CXX_LANGUAGE_STANDARD = "gnu++14";
				CLANG_CXX_LIBRARY = "libc++";
				CLANG_ENABLE_MODULES = YES;
				CLANG_ENABLE_OBJC_ARC = YES;
				CLANG_ENABLE_OBJC_WEAK = YES;
				CLANG_WARN_BLOCK_CAPTURE_AUTORELEASING = YES;
				CLANG_WARN_BOOL_CONVERSION = YES;
				CLANG_WARN_COMMA = YES;
				CLANG_WARN_CONSTANT_CONVERSION = YES;
				CLANG_WARN_DEPRECATED_OBJC_IMPLEMENTATIONS = YES;
				CLANG_WARN_DIRECT_OBJC_ISA_USAGE = YES_ERROR;
				CLANG_WARN_DOCUMENTATION_COMMENTS = YES;
				CLANG_WARN_EMPTY_BODY = YES;
				CLANG_WARN_ENUM_CONVERSION = YES;
				CLANG_WARN_INFINITE_RECURSION = YES;
				CLANG_WARN_INT_CONVERSION = YES;
				CLANG_WARN_NON_LITERAL_NULL_CONVERSION = YES;
				CLANG_WARN_OBJC_IMPLICIT_RETAIN_SELF = YES;
				CLANG_WARN_OBJC_LITERAL_CONVERSION = YES;
				CLANG_WARN_OBJC_ROOT_CLASS = YES_ERROR;
				CLANG_WARN_RANGE_LOOP_ANALYSIS = YES;
				CLANG_WARN_STRICT_PROTOTYPES = YES;
				CLANG_WARN_SUSPICIOUS_MOVE = YES;
				CLANG_WARN_UNGUARDED_AVAILABILITY = YES_AGGRESSIVE;
				CLANG_WARN_UNREACHABLE_CODE = YES;
				CLANG_WARN__DUPLICATE_METHOD_MATCH = YES;
				CODE_SIGN_IDENTITY = "iPhone Developer";
				COPY_PHASE_STRIP = NO;
				DEBUG_INFORMATION_FORMAT = "dwarf-with-dsym";
				ENABLE_NS_ASSERTIONS = NO;
				ENABLE_STRICT_OBJC_MSGSEND = YES;
				GCC_C_LANGUAGE_STANDARD = gnu11;
				GCC_NO_COMMON_BLOCKS = YES;
				GCC_WARN_64_TO_32_BIT_CONVERSION = YES;
				GCC_WARN_ABOUT_RETURN_TYPE = YES_ERROR;
				GCC_WARN_UNDECLARED_SELECTOR = YES;
				GCC_WARN_UNINITIALIZED_AUTOS = YES_AGGRESSIVE;
				GCC_WARN_UNUSED_FUNCTION = YES;
				GCC_WARN_UNUSED_VARIABLE = YES;
				IPHONEOS_DEPLOYMENT_TARGET = 11.4;
				MTL_ENABLE_DEBUG_INFO = NO;
				SDKROOT = iphoneos;
				SWIFT_COMPILATION_MODE = wholemodule;
				SWIFT_OPTIMIZATION_LEVEL = "-O";
				VALIDATE_PRODUCT = YES;
			};
			name = Release;
		};
		3EFE2B652450CBF200D602E4 /* Debug */ = {
			isa = XCBuildConfiguration;
			baseConfigurationReference = B4B1003925307EEBBE0B5617 /* Pods-World News.debug.xcconfig */;
			buildSettings = {
				ASSETCATALOG_COMPILER_APPICON_NAME = AppIcon;
				CODE_SIGN_STYLE = Automatic;
				INFOPLIST_FILE = "World News/Info.plist";
				LD_RUNPATH_SEARCH_PATHS = (
					"$(inherited)",
					"@executable_path/Frameworks",
				);
				PRODUCT_BUNDLE_IDENTIFIER = "alaa.adel.World-News";
				PRODUCT_NAME = "$(TARGET_NAME)";
				SWIFT_VERSION = 4.0;
				TARGETED_DEVICE_FAMILY = "1,2";
			};
			name = Debug;
		};
		3EFE2B662450CBF200D602E4 /* Release */ = {
			isa = XCBuildConfiguration;
			baseConfigurationReference = B8DA91C11CF4A832FD0C143F /* Pods-World News.release.xcconfig */;
			buildSettings = {
				ASSETCATALOG_COMPILER_APPICON_NAME = AppIcon;
				CODE_SIGN_STYLE = Automatic;
				INFOPLIST_FILE = "World News/Info.plist";
				LD_RUNPATH_SEARCH_PATHS = (
					"$(inherited)",
					"@executable_path/Frameworks",
				);
				PRODUCT_BUNDLE_IDENTIFIER = "alaa.adel.World-News";
				PRODUCT_NAME = "$(TARGET_NAME)";
				SWIFT_VERSION = 4.0;
				TARGETED_DEVICE_FAMILY = "1,2";
			};
			name = Release;
		};
/* End XCBuildConfiguration section */

/* Begin XCConfigurationList section */
		3EFE2B4D2450CB7400D602E4 /* Build configuration list for PBXProject "World News" */ = {
			isa = XCConfigurationList;
			buildConfigurations = (
				3EFE2B622450CBF200D602E4 /* Debug */,
				3EFE2B632450CBF200D602E4 /* Release */,
			);
			defaultConfigurationIsVisible = 0;
			defaultConfigurationName = Release;
		};
		3EFE2B642450CBF200D602E4 /* Build configuration list for PBXNativeTarget "World News" */ = {
			isa = XCConfigurationList;
			buildConfigurations = (
				3EFE2B652450CBF200D602E4 /* Debug */,
				3EFE2B662450CBF200D602E4 /* Release */,
			);
			defaultConfigurationIsVisible = 0;
			defaultConfigurationName = Release;
		};
/* End XCConfigurationList section */
	};
	rootObject = 3EFE2B4A2450CB7400D602E4 /* Project object */;
}
